// !$*UTF8*$!
{
	archiveVersion = 1;
	classes = {
	};
	objectVersion = 46;
	objects = {

/* Begin PBXBuildFile section */
		93394E151AB29928003ADF22 /* main.m in Sources */ = {isa = PBXBuildFile; fileRef = 93394E141AB29928003ADF22 /* main.m */; };
		93394E181AB29928003ADF22 /* AppDelegate.m in Sources */ = {isa = PBXBuildFile; fileRef = 93394E171AB29928003ADF22 /* AppDelegate.m */; };
		93394E201AB29928003ADF22 /* Images.xcassets in Resources */ = {isa = PBXBuildFile; fileRef = 93394E1F1AB29928003ADF22 /* Images.xcassets */; };
		93394E231AB29928003ADF22 /* LaunchScreen.xib in Resources */ = {isa = PBXBuildFile; fileRef = 93394E211AB29928003ADF22 /* LaunchScreen.xib */; };
		93394E2F1AB29929003ADF22 /* TwistedBikesTests.m in Sources */ = {isa = PBXBuildFile; fileRef = 93394E2E1AB29929003ADF22 /* TwistedBikesTests.m */; };
		93394E3E1AB2A254003ADF22 /* twisted_pair_solutions_square.png in Resources */ = {isa = PBXBuildFile; fileRef = 93394E3D1AB2A254003ADF22 /* twisted_pair_solutions_square.png */; };
		93394E401AB2A4A9003ADF22 /* bike1.png in Resources */ = {isa = PBXBuildFile; fileRef = 93394E3F1AB2A4A9003ADF22 /* bike1.png */; };
		93394E461AB2B107003ADF22 /* BikeListTableViewController.m in Sources */ = {isa = PBXBuildFile; fileRef = 93394E451AB2B107003ADF22 /* BikeListTableViewController.m */; };
		93394E4C1AB2B26E003ADF22 /* BikeItem.m in Sources */ = {isa = PBXBuildFile; fileRef = 93394E4B1AB2B26E003ADF22 /* BikeItem.m */; };
		93FAFFAF1AB2BD990018A1EF /* Main.storyboard in Resources */ = {isa = PBXBuildFile; fileRef = 93FAFFAD1AB2BD990018A1EF /* Main.storyboard */; };
		93FAFFB71AB2C7E30018A1EF /* bike2.png in Resources */ = {isa = PBXBuildFile; fileRef = 93FAFFB31AB2C7E30018A1EF /* bike2.png */; };
		93FAFFB81AB2C7E30018A1EF /* bike3.png in Resources */ = {isa = PBXBuildFile; fileRef = 93FAFFB41AB2C7E30018A1EF /* bike3.png */; };
		93FAFFB91AB2C7E30018A1EF /* bike4.png in Resources */ = {isa = PBXBuildFile; fileRef = 93FAFFB51AB2C7E30018A1EF /* bike4.png */; };
		93FAFFBA1AB2C7E30018A1EF /* bike5.png in Resources */ = {isa = PBXBuildFile; fileRef = 93FAFFB61AB2C7E30018A1EF /* bike5.png */; };
		93FAFFC01AB3A6980018A1EF /* DetailViewController.m in Sources */ = {isa = PBXBuildFile; fileRef = 93FAFFBF1AB3A6980018A1EF /* DetailViewController.m */; };
/* End PBXBuildFile section */

/* Begin PBXContainerItemProxy section */
		93394E291AB29928003ADF22 /* PBXContainerItemProxy */ = {
			isa = PBXContainerItemProxy;
			containerPortal = 93394E071AB29928003ADF22 /* Project object */;
			proxyType = 1;
			remoteGlobalIDString = 93394E0E1AB29928003ADF22;
			remoteInfo = TwistedBikes;
		};
/* End PBXContainerItemProxy section */

/* Begin PBXFileReference section */
		93394E0F1AB29928003ADF22 /* TwistedBikes.app */ = {isa = PBXFileReference; explicitFileType = wrapper.application; includeInIndex = 0; path = TwistedBikes.app; sourceTree = BUILT_PRODUCTS_DIR; };
		93394E131AB29928003ADF22 /* Info.plist */ = {isa = PBXFileReference; lastKnownFileType = text.plist.xml; path = Info.plist; sourceTree = "<group>"; };
		93394E141AB29928003ADF22 /* main.m */ = {isa = PBXFileReference; lastKnownFileType = sourcecode.c.objc; path = main.m; sourceTree = "<group>"; };
		93394E161AB29928003ADF22 /* AppDelegate.h */ = {isa = PBXFileReference; lastKnownFileType = sourcecode.c.h; path = AppDelegate.h; sourceTree = "<group>"; };
		93394E171AB29928003ADF22 /* AppDelegate.m */ = {isa = PBXFileReference; lastKnownFileType = sourcecode.c.objc; path = AppDelegate.m; sourceTree = "<group>"; };
		93394E1F1AB29928003ADF22 /* Images.xcassets */ = {isa = PBXFileReference; lastKnownFileType = folder.assetcatalog; path = Images.xcassets; sourceTree = "<group>"; };
		93394E221AB29928003ADF22 /* Base */ = {isa = PBXFileReference; lastKnownFileType = file.xib; name = Base; path = Base.lproj/LaunchScreen.xib; sourceTree = "<group>"; };
		93394E281AB29928003ADF22 /* TwistedBikesTests.xctest */ = {isa = PBXFileReference; explicitFileType = wrapper.cfbundle; includeInIndex = 0; path = TwistedBikesTests.xctest; sourceTree = BUILT_PRODUCTS_DIR; };
		93394E2D1AB29928003ADF22 /* Info.plist */ = {isa = PBXFileReference; lastKnownFileType = text.plist.xml; path = Info.plist; sourceTree = "<group>"; };
		93394E2E1AB29929003ADF22 /* TwistedBikesTests.m */ = {isa = PBXFileReference; lastKnownFileType = sourcecode.c.objc; path = TwistedBikesTests.m; sourceTree = "<group>"; };
		93394E3D1AB2A254003ADF22 /* twisted_pair_solutions_square.png */ = {isa = PBXFileReference; lastKnownFileType = image.png; path = twisted_pair_solutions_square.png; sourceTree = "<group>"; };
		93394E3F1AB2A4A9003ADF22 /* bike1.png */ = {isa = PBXFileReference; lastKnownFileType = image.png; path = bike1.png; sourceTree = "<group>"; };
		93394E441AB2B107003ADF22 /* BikeListTableViewController.h */ = {isa = PBXFileReference; fileEncoding = 4; lastKnownFileType = sourcecode.c.h; path = BikeListTableViewController.h; sourceTree = "<group>"; };
		93394E451AB2B107003ADF22 /* BikeListTableViewController.m */ = {isa = PBXFileReference; fileEncoding = 4; lastKnownFileType = sourcecode.c.objc; path = BikeListTableViewController.m; sourceTree = "<group>"; };
		93394E4A1AB2B26D003ADF22 /* BikeItem.h */ = {isa = PBXFileReference; fileEncoding = 4; lastKnownFileType = sourcecode.c.h; path = BikeItem.h; sourceTree = "<group>"; };
		93394E4B1AB2B26E003ADF22 /* BikeItem.m */ = {isa = PBXFileReference; fileEncoding = 4; lastKnownFileType = sourcecode.c.objc; path = BikeItem.m; sourceTree = "<group>"; };
		93FAFFAE1AB2BD990018A1EF /* Base */ = {isa = PBXFileReference; lastKnownFileType = file.storyboard; name = Base; path = Base.lproj/Main.storyboard; sourceTree = "<group>"; };
		93FAFFB31AB2C7E30018A1EF /* bike2.png */ = {isa = PBXFileReference; lastKnownFileType = image.png; path = bike2.png; sourceTree = "<group>"; };
		93FAFFB41AB2C7E30018A1EF /* bike3.png */ = {isa = PBXFileReference; lastKnownFileType = image.png; path = bike3.png; sourceTree = "<group>"; };
		93FAFFB51AB2C7E30018A1EF /* bike4.png */ = {isa = PBXFileReference; lastKnownFileType = image.png; path = bike4.png; sourceTree = "<group>"; };
		93FAFFB61AB2C7E30018A1EF /* bike5.png */ = {isa = PBXFileReference; lastKnownFileType = image.png; path = bike5.png; sourceTree = "<group>"; };
		93FAFFBE1AB3A6980018A1EF /* DetailViewController.h */ = {isa = PBXFileReference; fileEncoding = 4; lastKnownFileType = sourcecode.c.h; path = DetailViewController.h; sourceTree = "<group>"; };
		93FAFFBF1AB3A6980018A1EF /* DetailViewController.m */ = {isa = PBXFileReference; fileEncoding = 4; lastKnownFileType = sourcecode.c.objc; path = DetailViewController.m; sourceTree = "<group>"; };
/* End PBXFileReference section */

/* Begin PBXFrameworksBuildPhase section */
		93394E0C1AB29928003ADF22 /* Frameworks */ = {
			isa = PBXFrameworksBuildPhase;
			buildActionMask = 2147483647;
			files = (
			);
			runOnlyForDeploymentPostprocessing = 0;
		};
		93394E251AB29928003ADF22 /* Frameworks */ = {
			isa = PBXFrameworksBuildPhase;
			buildActionMask = 2147483647;
			files = (
			);
			runOnlyForDeploymentPostprocessing = 0;
		};
/* End PBXFrameworksBuildPhase section */

/* Begin PBXGroup section */
		93394E061AB29928003ADF22 = {
			isa = PBXGroup;
			children = (
				93394E381AB29DD5003ADF22 /* Resources */,
				93394E111AB29928003ADF22 /* TwistedBikes */,
				93394E2B1AB29928003ADF22 /* TwistedBikesTests */,
				93394E101AB29928003ADF22 /* Products */,
			);
			sourceTree = "<group>";
		};
		93394E101AB29928003ADF22 /* Products */ = {
			isa = PBXGroup;
			children = (
				93394E0F1AB29928003ADF22 /* TwistedBikes.app */,
				93394E281AB29928003ADF22 /* TwistedBikesTests.xctest */,
			);
			name = Products;
			sourceTree = "<group>";
		};
		93394E111AB29928003ADF22 /* TwistedBikes */ = {
			isa = PBXGroup;
			children = (
				93394E161AB29928003ADF22 /* AppDelegate.h */,
				93394E171AB29928003ADF22 /* AppDelegate.m */,
				93FAFFAD1AB2BD990018A1EF /* Main.storyboard */,
				93FAFFBE1AB3A6980018A1EF /* DetailViewController.h */,
				93FAFFBF1AB3A6980018A1EF /* DetailViewController.m */,
				93394E4A1AB2B26D003ADF22 /* BikeItem.h */,
				93394E4B1AB2B26E003ADF22 /* BikeItem.m */,
				93394E441AB2B107003ADF22 /* BikeListTableViewController.h */,
				93394E451AB2B107003ADF22 /* BikeListTableViewController.m */,
				93394E1F1AB29928003ADF22 /* Images.xcassets */,
				93394E211AB29928003ADF22 /* LaunchScreen.xib */,
				93394E121AB29928003ADF22 /* Supporting Files */,
			);
			path = TwistedBikes;
			sourceTree = "<group>";
		};
		93394E121AB29928003ADF22 /* Supporting Files */ = {
			isa = PBXGroup;
			children = (
				93394E131AB29928003ADF22 /* Info.plist */,
				93394E141AB29928003ADF22 /* main.m */,
			);
			name = "Supporting Files";
			sourceTree = "<group>";
		};
		93394E2B1AB29928003ADF22 /* TwistedBikesTests */ = {
			isa = PBXGroup;
			children = (
				93394E2E1AB29929003ADF22 /* TwistedBikesTests.m */,
				93394E2C1AB29928003ADF22 /* Supporting Files */,
			);
			path = TwistedBikesTests;
			sourceTree = "<group>";
		};
		93394E2C1AB29928003ADF22 /* Supporting Files */ = {
			isa = PBXGroup;
			children = (
				93394E2D1AB29928003ADF22 /* Info.plist */,
			);
			name = "Supporting Files";
			sourceTree = "<group>";
		};
		93394E381AB29DD5003ADF22 /* Resources */ = {
			isa = PBXGroup;
			children = (
				93394E391AB29E22003ADF22 /* Images */,
			);
			name = Resources;
			sourceTree = "<group>";
		};
		93394E391AB29E22003ADF22 /* Images */ = {
			isa = PBXGroup;
			children = (
				93394E3C1AB29E33003ADF22 /* Other */,
				93394E3A1AB29E27003ADF22 /* Bikes */,
			);
			name = Images;
			sourceTree = "<group>";
		};
		93394E3A1AB29E27003ADF22 /* Bikes */ = {
			isa = PBXGroup;
			children = (
				93394E3F1AB2A4A9003ADF22 /* bike1.png */,
				93FAFFB31AB2C7E30018A1EF /* bike2.png */,
				93FAFFB41AB2C7E30018A1EF /* bike3.png */,
				93FAFFB51AB2C7E30018A1EF /* bike4.png */,
				93FAFFB61AB2C7E30018A1EF /* bike5.png */,
			);
			name = Bikes;
			sourceTree = "<group>";
		};
		93394E3C1AB29E33003ADF22 /* Other */ = {
			isa = PBXGroup;
			children = (
				93394E3D1AB2A254003ADF22 /* twisted_pair_solutions_square.png */,
			);
			name = Other;
			sourceTree = "<group>";
		};
/* End PBXGroup section */

/* Begin PBXNativeTarget section */
		93394E0E1AB29928003ADF22 /* TwistedBikes */ = {
			isa = PBXNativeTarget;
			buildConfigurationList = 93394E321AB29929003ADF22 /* Build configuration list for PBXNativeTarget "TwistedBikes" */;
			buildPhases = (
				93394E0B1AB29928003ADF22 /* Sources */,
				93394E0C1AB29928003ADF22 /* Frameworks */,
				93394E0D1AB29928003ADF22 /* Resources */,
			);
			buildRules = (
			);
			dependencies = (
			);
			name = TwistedBikes;
			productName = TwistedBikes;
			productReference = 93394E0F1AB29928003ADF22 /* TwistedBikes.app */;
			productType = "com.apple.product-type.application";
		};
		93394E271AB29928003ADF22 /* TwistedBikesTests */ = {
			isa = PBXNativeTarget;
			buildConfigurationList = 93394E351AB29929003ADF22 /* Build configuration list for PBXNativeTarget "TwistedBikesTests" */;
			buildPhases = (
				93394E241AB29928003ADF22 /* Sources */,
				93394E251AB29928003ADF22 /* Frameworks */,
				93394E261AB29928003ADF22 /* Resources */,
			);
			buildRules = (
			);
			dependencies = (
				93394E2A1AB29928003ADF22 /* PBXTargetDependency */,
			);
			name = TwistedBikesTests;
			productName = TwistedBikesTests;
			productReference = 93394E281AB29928003ADF22 /* TwistedBikesTests.xctest */;
			productType = "com.apple.product-type.bundle.unit-test";
		};
/* End PBXNativeTarget section */

/* Begin PBXProject section */
		93394E071AB29928003ADF22 /* Project object */ = {
			isa = PBXProject;
			attributes = {
				LastUpgradeCheck = 0610;
				ORGANIZATIONNAME = "Grant Neubauer";
				TargetAttributes = {
					93394E0E1AB29928003ADF22 = {
						CreatedOnToolsVersion = 6.1.1;
					};
					93394E271AB29928003ADF22 = {
						CreatedOnToolsVersion = 6.1.1;
						TestTargetID = 93394E0E1AB29928003ADF22;
					};
				};
			};
			buildConfigurationList = 93394E0A1AB29928003ADF22 /* Build configuration list for PBXProject "TwistedBikes" */;
			compatibilityVersion = "Xcode 3.2";
			developmentRegion = English;
			hasScannedForEncodings = 0;
			knownRegions = (
				en,
				Base,
			);
			mainGroup = 93394E061AB29928003ADF22;
			productRefGroup = 93394E101AB29928003ADF22 /* Products */;
			projectDirPath = "";
			projectRoot = "";
			targets = (
				93394E0E1AB29928003ADF22 /* TwistedBikes */,
				93394E271AB29928003ADF22 /* TwistedBikesTests */,
			);
		};
/* End PBXProject section */

/* Begin PBXResourcesBuildPhase section */
		93394E0D1AB29928003ADF22 /* Resources */ = {
			isa = PBXResourcesBuildPhase;
			buildActionMask = 2147483647;
			files = (
				93394E401AB2A4A9003ADF22 /* bike1.png in Resources */,
				93FAFFAF1AB2BD990018A1EF /* Main.storyboard in Resources */,
				93FAFFBA1AB2C7E30018A1EF /* bike5.png in Resources */,
				93394E231AB29928003ADF22 /* LaunchScreen.xib in Resources */,
				93FAFFB91AB2C7E30018A1EF /* bike4.png in Resources */,
				93394E3E1AB2A254003ADF22 /* twisted_pair_solutions_square.png in Resources */,
				93394E201AB29928003ADF22 /* Images.xcassets in Resources */,
				93FAFFB71AB2C7E30018A1EF /* bike2.png in Resources */,
				93FAFFB81AB2C7E30018A1EF /* bike3.png in Resources */,
			);
			runOnlyForDeploymentPostprocessing = 0;
		};
		93394E261AB29928003ADF22 /* Resources */ = {
			isa = PBXResourcesBuildPhase;
			buildActionMask = 2147483647;
			files = (
			);
			runOnlyForDeploymentPostprocessing = 0;
		};
/* End PBXResourcesBuildPhase section */

/* Begin PBXSourcesBuildPhase section */
		93394E0B1AB29928003ADF22 /* Sources */ = {
			isa = PBXSourcesBuildPhase;
			buildActionMask = 2147483647;
			files = (
				93394E461AB2B107003ADF22 /* BikeListTableViewController.m in Sources */,
				93394E181AB29928003ADF22 /* AppDelegate.m in Sources */,
				93394E151AB29928003ADF22 /* main.m in Sources */,
				93394E4C1AB2B26E003ADF22 /* BikeItem.m in Sources */,
				93FAFFC01AB3A6980018A1EF /* DetailViewController.m in Sources */,
			);
			runOnlyForDeploymentPostprocessing = 0;
		};
		93394E241AB29928003ADF22 /* Sources */ = {
			isa = PBXSourcesBuildPhase;
			buildActionMask = 2147483647;
			files = (
				93394E2F1AB29929003ADF22 /* TwistedBikesTests.m in Sources */,
			);
			runOnlyForDeploymentPostprocessing = 0;
		};
/* End PBXSourcesBuildPhase section */

/* Begin PBXTargetDependency section */
		93394E2A1AB29928003ADF22 /* PBXTargetDependency */ = {
			isa = PBXTargetDependency;
			target = 93394E0E1AB29928003ADF22 /* TwistedBikes */;
			targetProxy = 93394E291AB29928003ADF22 /* PBXContainerItemProxy */;
		};
/* End PBXTargetDependency section */

/* Begin PBXVariantGroup section */
		93394E211AB29928003ADF22 /* LaunchScreen.xib */ = {
			isa = PBXVariantGroup;
			children = (
				93394E221AB29928003ADF22 /* Base */,
			);
			name = LaunchScreen.xib;
			sourceTree = "<group>";
		};
		93FAFFAD1AB2BD990018A1EF /* Main.storyboard */ = {
			isa = PBXVariantGroup;
			children = (
				93FAFFAE1AB2BD990018A1EF /* Base */,
			);
			name = Main.storyboard;
			sourceTree = "<group>";
		};
/* End PBXVariantGroup section */

/* Begin XCBuildConfiguration section */
		93394E301AB29929003ADF22 /* Debug */ = {
			isa = XCBuildConfiguration;
			buildSettings = {
				ALWAYS_SEARCH_USER_PATHS = NO;
				CLANG_CXX_LANGUAGE_STANDARD = "gnu++0x";
				CLANG_CXX_LIBRARY = "libc++";
				CLANG_ENABLE_MODULES = YES;
				CLANG_ENABLE_OBJC_ARC = YES;
				CLANG_WARN_BOOL_CONVERSION = YES;
				CLANG_WARN_CONSTANT_CONVERSION = YES;
				CLANG_WARN_DIRECT_OBJC_ISA_USAGE = YES_ERROR;
				CLANG_WARN_EMPTY_BODY = YES;
				CLANG_WARN_ENUM_CONVERSION = YES;
				CLANG_WARN_INT_CONVERSION = YES;
				CLANG_WARN_OBJC_ROOT_CLASS = YES_ERROR;
				CLANG_WARN_UNREACHABLE_CODE = YES;
				CLANG_WARN__DUPLICATE_METHOD_MATCH = YES;
				"CODE_SIGN_IDENTITY[sdk=iphoneos*]" = "iPhone Developer";
				COPY_PHASE_STRIP = NO;
				ENABLE_STRICT_OBJC_MSGSEND = YES;
				GCC_C_LANGUAGE_STANDARD = gnu99;
				GCC_DYNAMIC_NO_PIC = NO;
				GCC_OPTIMIZATION_LEVEL = 0;
				GCC_PREPROCESSOR_DEFINITIONS = (
					"DEBUG=1",
					"$(inherited)",
				);
				GCC_SYMBOLS_PRIVATE_EXTERN = NO;
				GCC_WARN_64_TO_32_BIT_CONVERSION = YES;
				GCC_WARN_ABOUT_RETURN_TYPE = YES_ERROR;
				GCC_WARN_UNDECLARED_SELECTOR = YES;
				GCC_WARN_UNINITIALIZED_AUTOS = YES_AGGRESSIVE;
				GCC_WARN_UNUSED_FUNCTION = YES;
				GCC_WARN_UNUSED_VARIABLE = YES;
				IPHONEOS_DEPLOYMENT_TARGET = 8.1;
				MTL_ENABLE_DEBUG_INFO = YES;
				ONLY_ACTIVE_ARCH = YES;
				SDKROOT = iphoneos;
				TARGETED_DEVICE_FAMILY = "1,2";
			};
			name = Debug;
		};
		93394E311AB29929003ADF22 /* Release */ = {
			isa = XCBuildConfiguration;
			buildSettings = {
				ALWAYS_SEARCH_USER_PATHS = NO;
				CLANG_CXX_LANGUAGE_STANDARD = "gnu++0x";
				CLANG_CXX_LIBRARY = "libc++";
				CLANG_ENABLE_MODULES = YES;
				CLANG_ENABLE_OBJC_ARC = YES;
				CLANG_WARN_BOOL_CONVERSION = YES;
				CLANG_WARN_CONSTANT_CONVERSION = YES;
				CLANG_WARN_DIRECT_OBJC_ISA_USAGE = YES_ERROR;
				CLANG_WARN_EMPTY_BODY = YES;
				CLANG_WARN_ENUM_CONVERSION = YES;
				CLANG_WARN_INT_CONVERSION = YES;
				CLANG_WARN_OBJC_ROOT_CLASS = YES_ERROR;
				CLANG_WARN_UNREACHABLE_CODE = YES;
				CLANG_WARN__DUPLICATE_METHOD_MATCH = YES;
				"CODE_SIGN_IDENTITY[sdk=iphoneos*]" = "iPhone Developer";
				COPY_PHASE_STRIP = YES;
				ENABLE_NS_ASSERTIONS = NO;
				ENABLE_STRICT_OBJC_MSGSEND = YES;
				GCC_C_LANGUAGE_STANDARD = gnu99;
				GCC_WARN_64_TO_32_BIT_CONVERSION = YES;
				GCC_WARN_ABOUT_RETURN_TYPE = YES_ERROR;
				GCC_WARN_UNDECLARED_SELECTOR = YES;
				GCC_WARN_UNINITIALIZED_AUTOS = YES_AGGRESSIVE;
				GCC_WARN_UNUSED_FUNCTION = YES;
				GCC_WARN_UNUSED_VARIABLE = YES;
				IPHONEOS_DEPLOYMENT_TARGET = 8.1;
				MTL_ENABLE_DEBUG_INFO = NO;
				SDKROOT = iphoneos;
				TARGETED_DEVICE_FAMILY = "1,2";
				VALIDATE_PRODUCT = YES;
			};
			name = Release;
		};
		93394E331AB29929003ADF22 /* Debug */ = {
			isa = XCBuildConfiguration;
			buildSettings = {
				ASSETCATALOG_COMPILER_APPICON_NAME = AppIcon;
				INFOPLIST_FILE = TwistedBikes/Info.plist;
				LD_RUNPATH_SEARCH_PATHS = "$(inherited) @executable_path/Frameworks";
				PRODUCT_NAME = "$(TARGET_NAME)";
			};
			name = Debug;
		};
		93394E341AB29929003ADF22 /* Release */ = {
			isa = XCBuildConfiguration;
			buildSettings = {
				ASSETCATALOG_COMPILER_APPICON_NAME = AppIcon;
				INFOPLIST_FILE = TwistedBikes/Info.plist;
				LD_RUNPATH_SEARCH_PATHS = "$(inherited) @executable_path/Frameworks";
				PRODUCT_NAME = "$(TARGET_NAME)";
			};
			name = Release;
		};
		93394E361AB29929003ADF22 /* Debug */ = {
			isa = XCBuildConfiguration;
			buildSettings = {
				BUNDLE_LOADER = "$(TEST_HOST)";
				FRAMEWORK_SEARCH_PATHS = (
					"$(SDKROOT)/Developer/Library/Frameworks",
					"$(inherited)",
				);
				GCC_PREPROCESSOR_DEFINITIONS = (
					"DEBUG=1",
					"$(inherited)",
				);
				INFOPLIST_FILE = TwistedBikesTests/Info.plist;
				LD_RUNPATH_SEARCH_PATHS = "$(inherited) @executable_path/Frameworks @loader_path/Frameworks";
				PRODUCT_NAME = "$(TARGET_NAME)";
				TEST_HOST = "$(BUILT_PRODUCTS_DIR)/TwistedBikes.app/TwistedBikes";
			};
			name = Debug;
		};
		93394E371AB29929003ADF22 /* Release */ = {
			isa = XCBuildConfiguration;
			buildSettings = {
				BUNDLE_LOADER = "$(TEST_HOST)";
				FRAMEWORK_SEARCH_PATHS = (
					"$(SDKROOT)/Developer/Library/Frameworks",
					"$(inherited)",
				);
				INFOPLIST_FILE = TwistedBikesTests/Info.plist;
				LD_RUNPATH_SEARCH_PATHS = "$(inherited) @executable_path/Frameworks @loader_path/Frameworks";
				PRODUCT_NAME = "$(TARGET_NAME)";
				TEST_HOST = "$(BUILT_PRODUCTS_DIR)/TwistedBikes.app/TwistedBikes";
			};
			name = Release;
		};
/* End XCBuildConfiguration section */

/* Begin XCConfigurationList section */
		93394E0A1AB29928003ADF22 /* Build configuration list for PBXProject "TwistedBikes" */ = {
			isa = XCConfigurationList;
			buildConfigurations = (
				93394E301AB29929003ADF22 /* Debug */,
				93394E311AB29929003ADF22 /* Release */,
			);
			defaultConfigurationIsVisible = 0;
			defaultConfigurationName = Release;
		};
		93394E321AB29929003ADF22 /* Build configuration list for PBXNativeTarget "TwistedBikes" */ = {
			isa = XCConfigurationList;
			buildConfigurations = (
				93394E331AB29929003ADF22 /* Debug */,
				93394E341AB29929003ADF22 /* Release */,
			);
			defaultConfigurationIsVisible = 0;
			defaultConfigurationName = Release;
		};
		93394E351AB29929003ADF22 /* Build configuration list for PBXNativeTarget "TwistedBikesTests" */ = {
			isa = XCConfigurationList;
			buildConfigurations = (
				93394E361AB29929003ADF22 /* Debug */,
				93394E371AB29929003ADF22 /* Release */,
			);
			defaultConfigurationIsVisible = 0;
			defaultConfigurationName = Release;
		};
/* End XCConfigurationList section */
	};
	rootObject = 93394E071AB29928003ADF22 /* Project object */;
}
